lockfileVersion: 5.4

specifiers:
  '@types/node': ^18.11.17
  '@types/semver': ^7.3.13
  axios: ^1.2.1
  conventional-changelog: ^3.1.25
  conventional-changelog-cli: ^2.2.2
  esbuild: ^0.16.10
  semver: ^7.3.8
  typescript: ^4.9.4

dependencies:
  axios: 1.2.1
  semver: 7.3.8

devDependencies:
  '@types/node': 18.11.17
  '@types/semver': 7.3.13
  conventional-changelog: 3.1.25
  conventional-changelog-cli: 2.2.2
  esbuild: 0.16.10
  typescript: 4.9.4

packages:

  /@babel/code-frame/7.18.6:
    resolution: {integrity: sha512-TDCmlK5eOvH+eH7cdAFlNXeVJqWIQ7gW9tY1GJIpUtFb6CmjVyq2VM3u71bOyR8CRihcCgMUYoDNyLXao3+70Q==}
    engines: {node: '>=6.9.0'}
    dependencies:
      '@babel/highlight': 7.18.6
    dev: true

  /@babel/helper-validator-identifier/7.19.1:
    resolution: {integrity: sha512-awrNfaMtnHUr653GgGEs++LlAvW6w+DcPrOliSMXWCKo597CwL5Acf/wWdNkf/tfEQE3mjkeD1YOVZOUV/od1w==}
    engines: {node: '>=6.9.0'}
    dev: true

  /@babel/highlight/7.18.6:
    resolution: {integrity: sha512-u7stbOuYjaPezCuLj29hNW1v64M2Md2qupEKP1fHc7WdOA3DgLh37suiSrZYY7haUB7iBeQZ9P1uiRF359do3g==}
    engines: {node: '>=6.9.0'}
    dependencies:
      '@babel/helper-validator-identifier': 7.19.1
      chalk: 2.4.2
      js-tokens: 4.0.0
    dev: true

  /@esbuild/android-arm/0.16.10:
    resolution: {integrity: sha512-RmJjQTRrO6VwUWDrzTBLmV4OJZTarYsiepLGlF2rYTVB701hSorPywPGvP6d8HCuuRibyXa5JX4s3jN2kHEtjQ==}
    engines: {node: '>=12'}
    cpu: [arm]
    os: [android]
    requiresBuild: true
    dev: true
    optional: true

  /@esbuild/android-arm64/0.16.10:
    resolution: {integrity: sha512-47Y+NwVKTldTlDhSgJHZ/RpvBQMUDG7eKihqaF/u6g7s0ZPz4J1vy8A3rwnnUOF2CuDn7w7Gj/QcMoWz3U3SJw==}
    engines: {node: '>=12'}
    cpu: [arm64]
    os: [android]
    requiresBuild: true
    dev: true
    optional: true

  /@esbuild/android-x64/0.16.10:
    resolution: {integrity: sha512-C4PfnrBMcuAcOurQzpF1tTtZz94IXO5JmICJJ3NFJRHbXXsQUg9RFG45KvydKqtFfBaFLCHpduUkUfXwIvGnRg==}
    engines: {node: '>=12'}
    cpu: [x64]
    os: [android]
    requiresBuild: true
    dev: true
    optional: true

  /@esbuild/darwin-arm64/0.16.10:
    resolution: {integrity: sha512-bH/bpFwldyOKdi9HSLCLhhKeVgRYr9KblchwXgY2NeUHBB/BzTUHtUSBgGBmpydB1/4E37m+ggXXfSrnD7/E7g==}
    engines: {node: '>=12'}
    cpu: [arm64]
    os: [darwin]
    requiresBuild: true
    dev: true
    optional: true

  /@esbuild/darwin-x64/0.16.10:
    resolution: {integrity: sha512-OXt7ijoLuy+AjDSKQWu+KdDFMBbdeaL6wtgMKtDUXKWHiAMKHan5+R1QAG6HD4+K0nnOvEJXKHeA9QhXNAjOTQ==}
    engines: {node: '>=12'}
    cpu: [x64]
    os: [darwin]
    requiresBuild: true
    dev: true
    optional: true

  /@esbuild/freebsd-arm64/0.16.10:
    resolution: {integrity: sha512-shSQX/3GHuspE3Uxtq5kcFG/zqC+VuMnJkqV7LczO41cIe6CQaXHD3QdMLA4ziRq/m0vZo7JdterlgbmgNIAlQ==}
    engines: {node: '>=12'}
    cpu: [arm64]
    os: [freebsd]
    requiresBuild: true
    dev: true
    optional: true

  /@esbuild/freebsd-x64/0.16.10:
    resolution: {integrity: sha512-5YVc1zdeaJGASijZmTzSO4h6uKzsQGG3pkjI6fuXvolhm3hVRhZwnHJkforaZLmzvNv5Tb7a3QL2FAVmrgySIA==}
    engines: {node: '>=12'}
    cpu: [x64]
    os: [freebsd]
    requiresBuild: true
    dev: true
    optional: true

  /@esbuild/linux-arm/0.16.10:
    resolution: {integrity: sha512-c360287ZWI2miBnvIj23bPyVctgzeMT2kQKR+x94pVqIN44h3GF8VMEs1SFPH1UgyDr3yBbx3vowDS1SVhyVhA==}
    engines: {node: '>=12'}
    cpu: [arm]
    os: [linux]
    requiresBuild: true
    dev: true
    optional: true

  /@esbuild/linux-arm64/0.16.10:
    resolution: {integrity: sha512-2aqeNVxIaRfPcIaMZIFoblLh588sWyCbmj1HHCCs9WmeNWm+EIN0SmvsmPvTa/TsNZFKnxTcvkX2eszTcCqIrA==}
    engines: {node: '>=12'}
    cpu: [arm64]
    os: [linux]
    requiresBuild: true
    dev: true
    optional: true

  /@esbuild/linux-ia32/0.16.10:
    resolution: {integrity: sha512-sqMIEWeyrLGU7J5RB5fTkLRIFwsgsQ7ieWXlDLEmC2HblPYGb3AucD7inw2OrKFpRPKsec1l+lssiM3+NV5aOw==}
    engines: {node: '>=12'}
    cpu: [ia32]
    os: [linux]
    requiresBuild: true
    dev: true
    optional: true

  /@esbuild/linux-loong64/0.16.10:
    resolution: {integrity: sha512-O7Pd5hLEtTg37NC73pfhUOGTjx/+aXu5YoSq3ahCxcN7Bcr2F47mv+kG5t840thnsEzrv0oB70+LJu3gUgchvg==}
    engines: {node: '>=12'}
    cpu: [loong64]
    os: [linux]
    requiresBuild: true
    dev: true
    optional: true

  /@esbuild/linux-mips64el/0.16.10:
    resolution: {integrity: sha512-FN8mZOH7531iPHM0kaFhAOqqNHoAb6r/YHW2ZIxNi0a85UBi2DO4Vuyn7t1p4UN8a4LoAnLOT1PqNgHkgBJgbA==}
    engines: {node: '>=12'}
    cpu: [mips64el]
    os: [linux]
    requiresBuild: true
    dev: true
    optional: true

  /@esbuild/linux-ppc64/0.16.10:
    resolution: {integrity: sha512-Dg9RiqdvHOAWnOKIOTsIx8dFX9EDlY2IbPEY7YFzchrCiTZmMkD7jWA9UdZbNUygPjdmQBVPRCrLydReFlX9yg==}
    engines: {node: '>=12'}
    cpu: [ppc64]
    os: [linux]
    requiresBuild: true
    dev: true
    optional: true

  /@esbuild/linux-riscv64/0.16.10:
    resolution: {integrity: sha512-XMqtpjwzbmlar0BJIxmzu/RZ7EWlfVfH68Vadrva0Wj5UKOdKvqskuev2jY2oPV3aoQUyXwnMbMrFmloO2GfAw==}
    engines: {node: '>=12'}
    cpu: [riscv64]
    os: [linux]
    requiresBuild: true
    dev: true
    optional: true

  /@esbuild/linux-s390x/0.16.10:
    resolution: {integrity: sha512-fu7XtnoeRNFMx8DjK3gPWpFBDM2u5ba+FYwg27SjMJwKvJr4bDyKz5c+FLXLUSSAkMAt/UL+cUbEbra+rYtUgw==}
    engines: {node: '>=12'}
    cpu: [s390x]
    os: [linux]
    requiresBuild: true
    dev: true
    optional: true

  /@esbuild/linux-x64/0.16.10:
    resolution: {integrity: sha512-61lcjVC/RldNNMUzQQdyCWjCxp9YLEQgIxErxU9XluX7juBdGKb0pvddS0vPNuCvotRbzijZ1pzII+26haWzbA==}
    engines: {node: '>=12'}
    cpu: [x64]
    os: [linux]
    requiresBuild: true
    dev: true
    optional: true

  /@esbuild/netbsd-x64/0.16.10:
    resolution: {integrity: sha512-JeZXCX3viSA9j4HqSoygjssdqYdfHd6yCFWyfSekLbz4Ef+D2EjvsN02ZQPwYl5a5gg/ehdHgegHhlfOFP0HCA==}
    engines: {node: '>=12'}
    cpu: [x64]
    os: [netbsd]
    requiresBuild: true
    dev: true
    optional: true

  /@esbuild/openbsd-x64/0.16.10:
    resolution: {integrity: sha512-3qpxQKuEVIIg8SebpXsp82OBrqjPV/OwNWmG+TnZDr3VGyChNnGMHccC1xkbxCHDQNnnXjxhMQNyHmdFJbmbRA==}
    engines: {node: '>=12'}
    cpu: [x64]
    os: [openbsd]
    requiresBuild: true
    dev: true
    optional: true

  /@esbuild/sunos-x64/0.16.10:
    resolution: {integrity: sha512-z+q0xZ+et/7etz7WoMyXTHZ1rB8PMSNp/FOqURLJLOPb3GWJ2aj4oCqFCjPwEbW1rsT7JPpxeH/DwGAWk/I1Bg==}
    engines: {node: '>=12'}
    cpu: [x64]
    os: [sunos]
    requiresBuild: true
    dev: true
    optional: true

  /@esbuild/win32-arm64/0.16.10:
    resolution: {integrity: sha512-+YYu5sbQ9npkNT9Dec+tn1F/kjg6SMgr6bfi/6FpXYZvCRfu2YFPZGb+3x8K30s8eRxFpoG4sGhiSUkr1xbHEw==}
    engines: {node: '>=12'}
    cpu: [arm64]
    os: [win32]
    requiresBuild: true
    dev: true
    optional: true

  /@esbuild/win32-ia32/0.16.10:
    resolution: {integrity: sha512-Aw7Fupk7XNehR1ftHGYwUteyJ2q+em/aE+fVU3YMTBN2V5A7Z4aVCSV+SvCp9HIIHZavPFBpbdP3VfjQpdf6Xg==}
    engines: {node: '>=12'}
    cpu: [ia32]
    os: [win32]
    requiresBuild: true
    dev: true
    optional: true

  /@esbuild/win32-x64/0.16.10:
    resolution: {integrity: sha512-qddWullt3sC1EIpfHvCRBq3H4g3L86DZpD6n8k2XFjFVyp01D++uNbN1hT/JRsHxTbyyemZcpwL5aRlJwc/zFw==}
    engines: {node: '>=12'}
    cpu: [x64]
    os: [win32]
    requiresBuild: true
    dev: true
    optional: true

  /@hutson/parse-repository-url/3.0.2:
    resolution: {integrity: sha1-mMI8lQo9m2yPDa7QbabDrwaYE0A=}
    engines: {node: '>=6.9.0'}
    dev: true

  /@types/minimist/1.2.2:
    resolution: {integrity: sha1-7nceK6Sz3Fs3KTXVSf2WF780W4w=}
    dev: true

  /@types/node/18.11.17:
    resolution: {integrity: sha512-HJSUJmni4BeDHhfzn6nF0sVmd1SMezP7/4F0Lq+aXzmp2xm9O7WXrUtHW/CHlYVtZUbByEvWidHqRtcJXGF2Ng==}
    dev: true

  /@types/normalize-package-data/2.4.1:
    resolution: {integrity: sha1-0zV0eaD9/dWQf+Z+F+CoXJBuEwE=}
    dev: true

  /@types/semver/7.3.13:
    resolution: {integrity: sha512-21cFJr9z3g5dW8B0CVI9g2O9beqaThGQ6ZFBqHfwhzLDKUxaqTIy3vnfah/UPkfOiF2pLq+tGz+W8RyCskuslw==}
    dev: true

  /JSONStream/1.3.5:
    resolution: {integrity: sha1-MgjB8I06TZkmGrZPkjArwV4RHKA=}
    hasBin: true
    dependencies:
      jsonparse: 1.3.1
      through: 2.3.8
    dev: true

  /add-stream/1.0.0:
    resolution: {integrity: sha1-anmQQ3ynNtXhKI25K9MmbV9csqo=}
    dev: true

  /ansi-regex/5.0.1:
    resolution: {integrity: sha1-CCyyyJyf6GWaMRpTvWpNxTAdswQ=}
    engines: {node: '>=8'}
    dev: true

  /ansi-styles/3.2.1:
    resolution: {integrity: sha1-QfuyAkPlCxK+DwS43tvwdSDOhB0=}
    engines: {node: '>=4'}
    dependencies:
      color-convert: 1.9.3
    dev: true

  /ansi-styles/4.3.0:
    resolution: {integrity: sha1-7dgDYornHATIWuegkG7a00tkiTc=}
    engines: {node: '>=8'}
    dependencies:
      color-convert: 2.0.1
    dev: true

  /array-ify/1.0.0:
    resolution: {integrity: sha1-nlKHYrSpBmrRY6aWKjZEGOlibs4=}
    dev: true

  /arrify/1.0.1:
    resolution: {integrity: sha1-iYUI2iIm84DfkEcoRWhJwVAaSw0=}
    engines: {node: '>=0.10.0'}
    dev: true

  /asynckit/0.4.0:
    resolution: {integrity: sha1-x57Zf380y48robyXkLzDZkdLS3k=}
    dev: false

  /axios/1.2.1:
    resolution: {integrity: sha512-I88cFiGu9ryt/tfVEi4kX2SITsvDddTajXTOFmt2uK1ZVA8LytjtdeyefdQWEf5PU8w+4SSJDoYnggflB5tW4A==}
    dependencies:
      follow-redirects: 1.15.2
      form-data: 4.0.0
      proxy-from-env: 1.1.0
    transitivePeerDependencies:
      - debug
    dev: false

  /camelcase-keys/6.2.2:
    resolution: {integrity: sha1-XnVda6UaoiPsfT1S8ld4IQ+dw8A=}
    engines: {node: '>=8'}
    dependencies:
      camelcase: 5.3.1
      map-obj: 4.3.0
      quick-lru: 4.0.1
    dev: true

  /camelcase/5.3.1:
    resolution: {integrity: sha1-48mzFWnhBoEd8kL3FXJaH0xJQyA=}
    engines: {node: '>=6'}
    dev: true

  /chalk/2.4.2:
    resolution: {integrity: sha1-zUJUFnelQzPPVBpJEIwUMrRMlCQ=}
    engines: {node: '>=4'}
    dependencies:
      ansi-styles: 3.2.1
      escape-string-regexp: 1.0.5
      supports-color: 5.5.0
    dev: true

  /cliui/7.0.4:
    resolution: {integrity: sha1-oCZe5lVHb8gHrqnfPfjfd4OAi08=}
    dependencies:
      string-width: 4.2.3
      strip-ansi: 6.0.1
      wrap-ansi: 7.0.0
    dev: true

  /color-convert/1.9.3:
    resolution: {integrity: sha1-u3GFBpDh8TZWfeYp0tVHHe2kweg=}
    dependencies:
      color-name: 1.1.3
    dev: true

  /color-convert/2.0.1:
    resolution: {integrity: sha1-ctOmjVmMm9s68q0ehPIdiWq9TeM=}
    engines: {node: '>=7.0.0'}
    dependencies:
      color-name: 1.1.4
    dev: true

  /color-name/1.1.3:
    resolution: {integrity: sha1-p9BVi9icQveV3UIyj3QIMcpTvCU=}
    dev: true

  /color-name/1.1.4:
    resolution: {integrity: sha1-wqCah6y95pVD3m9j+jmVyCbFNqI=}
    dev: true

  /combined-stream/1.0.8:
    resolution: {integrity: sha1-w9RaizT9cwYxoRCoolIGgrMdWn8=}
    engines: {node: '>= 0.8'}
    dependencies:
      delayed-stream: 1.0.0
    dev: false

  /compare-func/2.0.0:
    resolution: {integrity: sha1-+2XnXtvd/S5WhVTotbBf/3pR/LM=}
    dependencies:
      array-ify: 1.0.0
      dot-prop: 5.3.0
    dev: true

  /conventional-changelog-angular/5.0.13:
    resolution: {integrity: sha1-iWiF1juRSnDUk0tZ0v573hgysow=}
    engines: {node: '>=10'}
    dependencies:
      compare-func: 2.0.0
      q: 1.5.1
    dev: true

  /conventional-changelog-atom/2.0.8:
    resolution: {integrity: sha1-p1nsYcItHBGWkl/KiP466J/X2N4=}
    engines: {node: '>=10'}
    dependencies:
      q: 1.5.1
    dev: true

  /conventional-changelog-cli/2.2.2:
    resolution: {integrity: sha512-8grMV5Jo8S0kP3yoMeJxV2P5R6VJOqK72IiSV9t/4H5r/HiRqEBQ83bYGuz4Yzfdj4bjaAEhZN/FFbsFXr5bOA==}
    engines: {node: '>=10'}
    hasBin: true
    dependencies:
      add-stream: 1.0.0
      conventional-changelog: 3.1.25
      lodash: 4.17.21
      meow: 8.1.2
      tempfile: 3.0.0
    dev: true

  /conventional-changelog-codemirror/2.0.8:
    resolution: {integrity: sha1-OY6VMPCM407EZAr5jurzAi6x99w=}
    engines: {node: '>=10'}
    dependencies:
      q: 1.5.1
    dev: true

  /conventional-changelog-conventionalcommits/4.6.3:
    resolution: {integrity: sha512-LTTQV4fwOM4oLPad317V/QNQ1FY4Hju5qeBIM1uTHbrnCE+Eg4CdRZ3gO2pUeR+tzWdp80M2j3qFFEDWVqOV4g==}
    engines: {node: '>=10'}
    dependencies:
      compare-func: 2.0.0
      lodash: 4.17.21
      q: 1.5.1
    dev: true

  /conventional-changelog-core/4.2.4:
    resolution: {integrity: sha1-5Q0Efo66z2P6w9xnv5GBdwAeHp8=}
    engines: {node: '>=10'}
    dependencies:
      add-stream: 1.0.0
      conventional-changelog-writer: 5.0.1
      conventional-commits-parser: 3.2.4
      dateformat: 3.0.3
      get-pkg-repo: 4.2.1
      git-raw-commits: 2.0.11
      git-remote-origin-url: 2.0.0
      git-semver-tags: 4.1.1
      lodash: 4.17.21
      normalize-package-data: 3.0.3
      q: 1.5.1
      read-pkg: 3.0.0
      read-pkg-up: 3.0.0
      through2: 4.0.2
    dev: true

  /conventional-changelog-ember/2.0.9:
    resolution: {integrity: sha1-YZs37HCL6edKIg9Nz3khKuHJKWI=}
    engines: {node: '>=10'}
    dependencies:
      q: 1.5.1
    dev: true

  /conventional-changelog-eslint/3.0.9:
    resolution: {integrity: sha1-aJvQpHDgL3uq/iGklYgN7qGLfNs=}
    engines: {node: '>=10'}
    dependencies:
      q: 1.5.1
    dev: true

  /conventional-changelog-express/2.0.6:
    resolution: {integrity: sha1-QgydkqNHtyqRVEdQv/qTh2Zabug=}
    engines: {node: '>=10'}
    dependencies:
      q: 1.5.1
    dev: true

  /conventional-changelog-jquery/3.0.11:
    resolution: {integrity: sha1-0UIgdAD1HJ5btYhZZZjiS7qJlL8=}
    engines: {node: '>=10'}
    dependencies:
      q: 1.5.1
    dev: true

  /conventional-changelog-jshint/2.0.9:
    resolution: {integrity: sha1-8tfyPmrNSSeiOFVdksCbUP44Uv8=}
    engines: {node: '>=10'}
    dependencies:
      compare-func: 2.0.0
      q: 1.5.1
    dev: true

  /conventional-changelog-preset-loader/2.3.4:
    resolution: {integrity: sha1-FKhVq7/9WQJ/1gJYHx802YYupEw=}
    engines: {node: '>=10'}
    dev: true

  /conventional-changelog-writer/5.0.1:
    resolution: {integrity: sha512-5WsuKUfxW7suLblAbFnxAcrvf6r+0b7GvNaWUwUIk0bXMnENP/PEieGKVUQrjPqwPT4o3EPAASBXiY6iHooLOQ==}
    engines: {node: '>=10'}
    hasBin: true
    dependencies:
      conventional-commits-filter: 2.0.7
      dateformat: 3.0.3
      handlebars: 4.7.7
      json-stringify-safe: 5.0.1
      lodash: 4.17.21
      meow: 8.1.2
      semver: 6.3.0
      split: 1.0.1
      through2: 4.0.2
    dev: true

  /conventional-changelog/3.1.25:
    resolution: {integrity: sha512-ryhi3fd1mKf3fSjbLXOfK2D06YwKNic1nC9mWqybBHdObPd8KJ2vjaXZfYj1U23t+V8T8n0d7gwnc9XbIdFbyQ==}
    engines: {node: '>=10'}
    dependencies:
      conventional-changelog-angular: 5.0.13
      conventional-changelog-atom: 2.0.8
      conventional-changelog-codemirror: 2.0.8
      conventional-changelog-conventionalcommits: 4.6.3
      conventional-changelog-core: 4.2.4
      conventional-changelog-ember: 2.0.9
      conventional-changelog-eslint: 3.0.9
      conventional-changelog-express: 2.0.6
      conventional-changelog-jquery: 3.0.11
      conventional-changelog-jshint: 2.0.9
      conventional-changelog-preset-loader: 2.3.4
    dev: true

  /conventional-commits-filter/2.0.7:
    resolution: {integrity: sha1-+Nm08YL84Aya9xOdpJNlsTbIoLM=}
    engines: {node: '>=10'}
    dependencies:
      lodash.ismatch: 4.4.0
      modify-values: 1.0.1
    dev: true

  /conventional-commits-parser/3.2.4:
    resolution: {integrity: sha512-nK7sAtfi+QXbxHCYfhpZsfRtaitZLIA6889kFIouLvz6repszQDgxBu7wf2WbU+Dco7sAnNCJYERCwt54WPC2Q==}
    engines: {node: '>=10'}
    hasBin: true
    dependencies:
      JSONStream: 1.3.5
      is-text-path: 1.0.1
      lodash: 4.17.21
      meow: 8.1.2
      split2: 3.2.2
      through2: 4.0.2
    dev: true

  /core-util-is/1.0.3:
    resolution: {integrity: sha1-pgQtNjTCsn6TKPg3uWX6yDgI24U=}
    dev: true

  /dargs/7.0.0:
    resolution: {integrity: sha1-BAFcQd4Ly2nshAUPPZvgyvjW1cw=}
    engines: {node: '>=8'}
    dev: true

  /dateformat/3.0.3:
    resolution: {integrity: sha1-puN0maTZqc+F71hyBE1ikByYia4=}
    dev: true

  /decamelize-keys/1.1.1:
    resolution: {integrity: sha512-WiPxgEirIV0/eIOMcnFBA3/IJZAZqKnwAwWyvvdi4lsr1WCN22nhdf/3db3DoZcUjTV2SqfzIwNyp6y2xs3nmg==}
    engines: {node: '>=0.10.0'}
    dependencies:
      decamelize: 1.2.0
      map-obj: 1.0.1
    dev: true

  /decamelize/1.2.0:
    resolution: {integrity: sha1-9lNNFRSCabIDUue+4m9QH5oZEpA=}
    engines: {node: '>=0.10.0'}
    dev: true

  /delayed-stream/1.0.0:
    resolution: {integrity: sha1-3zrhmayt+31ECqrgsp4icrJOxhk=}
    engines: {node: '>=0.4.0'}
    dev: false

  /dot-prop/5.3.0:
    resolution: {integrity: sha1-kMzOcIzZzYLMTcjD3dmr3VWyDog=}
    engines: {node: '>=8'}
    dependencies:
      is-obj: 2.0.0
    dev: true

  /emoji-regex/8.0.0:
    resolution: {integrity: sha1-6Bj9ac5cz8tARZT4QpY79TFkzDc=}
    dev: true

  /error-ex/1.3.2:
    resolution: {integrity: sha1-tKxAZIEH/c3PriQvQovqihTU8b8=}
    dependencies:
      is-arrayish: 0.2.1
    dev: true

  /esbuild/0.16.10:
    resolution: {integrity: sha512-z5dIViHoVnw2l+NCJ3zj5behdXjYvXne9gL18OOivCadXDUhyDkeSvEtLcGVAJW2fNmh33TDUpsi704XYlDodw==}
    engines: {node: '>=12'}
    hasBin: true
    requiresBuild: true
    optionalDependencies:
      '@esbuild/android-arm': 0.16.10
      '@esbuild/android-arm64': 0.16.10
      '@esbuild/android-x64': 0.16.10
      '@esbuild/darwin-arm64': 0.16.10
      '@esbuild/darwin-x64': 0.16.10
      '@esbuild/freebsd-arm64': 0.16.10
      '@esbuild/freebsd-x64': 0.16.10
      '@esbuild/linux-arm': 0.16.10
      '@esbuild/linux-arm64': 0.16.10
      '@esbuild/linux-ia32': 0.16.10
      '@esbuild/linux-loong64': 0.16.10
      '@esbuild/linux-mips64el': 0.16.10
      '@esbuild/linux-ppc64': 0.16.10
      '@esbuild/linux-riscv64': 0.16.10
      '@esbuild/linux-s390x': 0.16.10
      '@esbuild/linux-x64': 0.16.10
      '@esbuild/netbsd-x64': 0.16.10
      '@esbuild/openbsd-x64': 0.16.10
      '@esbuild/sunos-x64': 0.16.10
      '@esbuild/win32-arm64': 0.16.10
      '@esbuild/win32-ia32': 0.16.10
      '@esbuild/win32-x64': 0.16.10
    dev: true

  /escalade/3.1.1:
    resolution: {integrity: sha1-2M/ccACWXFoBdLSoLqpcBVJ0LkA=}
    engines: {node: '>=6'}
    dev: true

  /escape-string-regexp/1.0.5:
    resolution: {integrity: sha1-G2HAViGQqN/2rjuyzwIAyhMLhtQ=}
    engines: {node: '>=0.8.0'}
    dev: true

  /find-up/2.1.0:
    resolution: {integrity: sha1-RdG35QbHF93UgndaK3eSCjwMV6c=}
    engines: {node: '>=4'}
    dependencies:
      locate-path: 2.0.0
    dev: true

  /find-up/4.1.0:
    resolution: {integrity: sha1-l6/n1s3AvFkoWEt8jXsW6KmqXRk=}
    engines: {node: '>=8'}
    dependencies:
      locate-path: 5.0.0
      path-exists: 4.0.0
    dev: true

  /follow-redirects/1.15.2:
    resolution: {integrity: sha512-VQLG33o04KaQ8uYi2tVNbdrWp1QWxNNea+nmIB4EVM28v0hmP17z7aG1+wAkNzVq4KeXTq3221ye5qTJP91JwA==}
    engines: {node: '>=4.0'}
    peerDependencies:
      debug: '*'
    peerDependenciesMeta:
      debug:
        optional: true
    dev: false

  /form-data/4.0.0:
    resolution: {integrity: sha1-k5Gdrq82HuUpWEubMWZNwSyfpFI=}
    engines: {node: '>= 6'}
    dependencies:
      asynckit: 0.4.0
      combined-stream: 1.0.8
      mime-types: 2.1.35
    dev: false

  /function-bind/1.1.1:
    resolution: {integrity: sha1-pWiZ0+o8m6uHS7l3O3xe3pL0iV0=}
    dev: true

  /get-caller-file/2.0.5:
    resolution: {integrity: sha1-T5RBKoLbMvNuOwuXQfipf+sDH34=}
    engines: {node: 6.* || 8.* || >= 10.*}
    dev: true

  /get-pkg-repo/4.2.1:
    resolution: {integrity: sha1-dZc+HIBQxz9IGQxSBHxM7jrL84U=}
    engines: {node: '>=6.9.0'}
    hasBin: true
    dependencies:
      '@hutson/parse-repository-url': 3.0.2
      hosted-git-info: 4.1.0
      through2: 2.0.5
      yargs: 16.2.0
    dev: true

  /git-raw-commits/2.0.11:
    resolution: {integrity: sha512-VnctFhw+xfj8Va1xtfEqCUD2XDrbAPSJx+hSrE5K7fGdjZruW7XV+QOrN7LF/RJyvspRiD2I0asWsxFp0ya26A==}
    engines: {node: '>=10'}
    hasBin: true
    dependencies:
      dargs: 7.0.0
      lodash: 4.17.21
      meow: 8.1.2
      split2: 3.2.2
      through2: 4.0.2
    dev: true

  /git-remote-origin-url/2.0.0:
    resolution: {integrity: sha1-UoJlna4hBxRaERJhEq0yFuxfpl8=}
    engines: {node: '>=4'}
    dependencies:
      gitconfiglocal: 1.0.0
      pify: 2.3.0
    dev: true

  /git-semver-tags/4.1.1:
    resolution: {integrity: sha1-YxkbzYCbDsPhUbpHUcFsRE5bV4A=}
    engines: {node: '>=10'}
    hasBin: true
    dependencies:
      meow: 8.1.2
      semver: 6.3.0
    dev: true

  /gitconfiglocal/1.0.0:
    resolution: {integrity: sha1-QdBF84UaXqiPA/JMocYXgRRGS5s=}
    dependencies:
      ini: 1.3.8
    dev: true

  /graceful-fs/4.2.10:
    resolution: {integrity: sha512-9ByhssR2fPVsNZj478qUUbKfmL0+t5BDVyjShtyZZLiK7ZDAArFFfopyOTj0M05wE2tJPisA4iTnnXl2YoPvOA==}
    dev: true

  /handlebars/4.7.7:
    resolution: {integrity: sha1-nOM0FqrQLb1sj6+oJA1dmABJRaE=}
    engines: {node: '>=0.4.7'}
    hasBin: true
    dependencies:
      minimist: 1.2.7
      neo-async: 2.6.2
      source-map: 0.6.1
      wordwrap: 1.0.0
    optionalDependencies:
      uglify-js: 3.17.4
    dev: true

  /hard-rejection/2.1.0:
    resolution: {integrity: sha1-HG7aXBaFxjlCdm15u0Cudzzs2IM=}
    engines: {node: '>=6'}
    dev: true

  /has-flag/3.0.0:
    resolution: {integrity: sha1-tdRU3CGZriJWmfNGfloH87lVuv0=}
    engines: {node: '>=4'}
    dev: true

  /has/1.0.3:
    resolution: {integrity: sha1-ci18v8H2qoJB8W3YFOAR4fQeh5Y=}
    engines: {node: '>= 0.4.0'}
    dependencies:
      function-bind: 1.1.1
    dev: true

  /hosted-git-info/2.8.9:
    resolution: {integrity: sha1-3/wL+aIcAiCQkPKqaUKeFBTa8/k=}
    dev: true

  /hosted-git-info/4.1.0:
    resolution: {integrity: sha512-kyCuEOWjJqZuDbRHzL8V93NzQhwIB71oFWSyzVo+KPZI+pnQPPxucdkrOZvkLRnrf5URsQM+IJ09Dw29cRALIA==}
    engines: {node: '>=10'}
    dependencies:
      lru-cache: 6.0.0
    dev: true

  /indent-string/4.0.0:
    resolution: {integrity: sha1-Yk+PRJfWGbLZdoUx1Y9BIoVNclE=}
    engines: {node: '>=8'}
    dev: true

  /inherits/2.0.4:
    resolution: {integrity: sha1-D6LGT5MpF8NDOg3tVTY6rjdBa3w=}
    dev: true

  /ini/1.3.8:
    resolution: {integrity: sha1-op2kJbSIBvNHZ6Tvzjlyaa8oQyw=}
    dev: true

  /is-arrayish/0.2.1:
    resolution: {integrity: sha1-d8mYQFJ6qOyxqLppe4BkWnqSap0=}
    dev: true

  /is-core-module/2.11.0:
    resolution: {integrity: sha512-RRjxlvLDkD1YJwDbroBHMb+cukurkDWNyHx7D3oNB5x9rb5ogcksMC5wHCadcXoo67gVr/+3GFySh3134zi6rw==}
    dependencies:
      has: 1.0.3
    dev: true

  /is-fullwidth-code-point/3.0.0:
    resolution: {integrity: sha1-8Rb4Bk/pCz94RKOJl8C3UFEmnx0=}
    engines: {node: '>=8'}
    dev: true

  /is-obj/2.0.0:
    resolution: {integrity: sha1-Rz+wXZc3BeP9liBUUBjKjiLvSYI=}
    engines: {node: '>=8'}
    dev: true

  /is-plain-obj/1.1.0:
    resolution: {integrity: sha1-caUMhCnfync8kqOQpKA7OfzVHT4=}
    engines: {node: '>=0.10.0'}
    dev: true

  /is-text-path/1.0.1:
    resolution: {integrity: sha1-Thqg+1G/vLPpJogAE5cgLBd1tm4=}
    engines: {node: '>=0.10.0'}
    dependencies:
      text-extensions: 1.9.0
    dev: true

  /isarray/1.0.0:
    resolution: {integrity: sha1-u5NdSFgsuhaMBoNJV6VKPgcSTxE=}
    dev: true

  /js-tokens/4.0.0:
    resolution: {integrity: sha1-GSA/tZmR35jjoocFDUZHzerzJJk=}
    dev: true

  /json-parse-better-errors/1.0.2:
    resolution: {integrity: sha1-u4Z8+zRQ5pEHwTHRxRS6s9yLyqk=}
    dev: true

  /json-parse-even-better-errors/2.3.1:
    resolution: {integrity: sha1-fEeAWpQxmSjgV3dAXcEuH3pO4C0=}
    dev: true

  /json-stringify-safe/5.0.1:
    resolution: {integrity: sha1-Epai1Y/UXxmg9s4B1lcB4sc1tus=}
    dev: true

  /jsonparse/1.3.1:
    resolution: {integrity: sha1-P02uSpH6wxX3EGL4UhzCOfE2YoA=}
    engines: {'0': node >= 0.2.0}
    dev: true

  /kind-of/6.0.3:
    resolution: {integrity: sha1-B8BQNKbDSfoG4k+jWqdttFgM5N0=}
    engines: {node: '>=0.10.0'}
    dev: true

  /lines-and-columns/1.2.4:
    resolution: {integrity: sha1-7KKE910pZQeTCdwK2SVauy68FjI=}
    dev: true

  /load-json-file/4.0.0:
    resolution: {integrity: sha1-L19Fq5HjMhYjT9U62rZo607AmTs=}
    engines: {node: '>=4'}
    dependencies:
      graceful-fs: 4.2.10
      parse-json: 4.0.0
      pify: 3.0.0
      strip-bom: 3.0.0
    dev: true

  /locate-path/2.0.0:
    resolution: {integrity: sha1-K1aLJl7slExtnA3pw9u7ygNUzY4=}
    engines: {node: '>=4'}
    dependencies:
      p-locate: 2.0.0
      path-exists: 3.0.0
    dev: true

  /locate-path/5.0.0:
    resolution: {integrity: sha1-Gvujlq/WdqbUJQTQpno6frn2KqA=}
    engines: {node: '>=8'}
    dependencies:
      p-locate: 4.1.0
    dev: true

  /lodash.ismatch/4.4.0:
    resolution: {integrity: sha1-dWy1FQyjum8RCFp4hJZF8Yj4Xzc=}
    dev: true

  /lodash/4.17.21:
    resolution: {integrity: sha1-Z5WRxWTDv/quhFTPCz3zcMPWkRw=}
    dev: true

  /lru-cache/6.0.0:
    resolution: {integrity: sha1-bW/mVw69lqr5D8rR2vo7JWbbOpQ=}
    engines: {node: '>=10'}
    dependencies:
      yallist: 4.0.0

  /map-obj/1.0.1:
    resolution: {integrity: sha1-2TPOuSBdgr3PSIb2dCvcK03qFG0=}
    engines: {node: '>=0.10.0'}
    dev: true

  /map-obj/4.3.0:
    resolution: {integrity: sha1-kwT5Buk/qucIgNoQKp8d8OqLsFo=}
    engines: {node: '>=8'}
    dev: true

  /meow/8.1.2:
    resolution: {integrity: sha1-vL5FvaDuFynTUMA8/8g5WjbE6Jc=}
    engines: {node: '>=10'}
    dependencies:
      '@types/minimist': 1.2.2
      camelcase-keys: 6.2.2
      decamelize-keys: 1.1.1
      hard-rejection: 2.1.0
      minimist-options: 4.1.0
      normalize-package-data: 3.0.3
      read-pkg-up: 7.0.1
      redent: 3.0.0
      trim-newlines: 3.0.1
      type-fest: 0.18.1
      yargs-parser: 20.2.9
    dev: true

  /mime-db/1.52.0:
    resolution: {integrity: sha512-sPU4uV7dYlvtWJxwwxHD0PuihVNiE7TyAbQ5SWxDCB9mUYvOgroQOwYQQOKPJ8CIbE+1ETVlOoK1UC2nU3gYvg==}
    engines: {node: '>= 0.6'}
    dev: false

  /mime-types/2.1.35:
    resolution: {integrity: sha512-ZDY+bPm5zTTF+YpCrAU9nK0UgICYPT0QtT1NZWFv4s++TNkcgVaT0g6+4R2uI4MjQjzysHB1zxuWL50hzaeXiw==}
    engines: {node: '>= 0.6'}
    dependencies:
      mime-db: 1.52.0
    dev: false

  /min-indent/1.0.1:
    resolution: {integrity: sha1-pj9oFnOzBXH76LwlaGrnRu76mGk=}
    engines: {node: '>=4'}
    dev: true

  /minimist-options/4.1.0:
    resolution: {integrity: sha1-wGVXE8U6ii69d/+iR9NCxA8BBhk=}
    engines: {node: '>= 6'}
    dependencies:
      arrify: 1.0.1
      is-plain-obj: 1.1.0
      kind-of: 6.0.3
    dev: true

  /minimist/1.2.7:
    resolution: {integrity: sha512-bzfL1YUZsP41gmu/qjrEk0Q6i2ix/cVeAhbCbqH9u3zYutS1cLg00qhrD0M2MVdCcx4Sc0UpP2eBWo9rotpq6g==}
    dev: true

  /modify-values/1.0.1:
    resolution: {integrity: sha1-s5OfpgVUZHTj4+PGPWS9Q7TuYCI=}
    engines: {node: '>=0.10.0'}
    dev: true

  /neo-async/2.6.2:
    resolution: {integrity: sha1-tKr7k+OustgXTKU88WOrfXMIMF8=}
    dev: true

  /normalize-package-data/2.5.0:
    resolution: {integrity: sha1-5m2xg4sgDB38IzIl0SyzZSDiNKg=}
    dependencies:
      hosted-git-info: 2.8.9
      resolve: 1.22.1
      semver: 5.7.1
      validate-npm-package-license: 3.0.4
    dev: true

  /normalize-package-data/3.0.3:
    resolution: {integrity: sha1-28w+LaWVCaCYNCKITNFy7v36Ul4=}
    engines: {node: '>=10'}
    dependencies:
      hosted-git-info: 4.1.0
      is-core-module: 2.11.0
      semver: 7.3.8
      validate-npm-package-license: 3.0.4
    dev: true

  /p-limit/1.3.0:
    resolution: {integrity: sha1-uGvV8MJWkJEcdZD8v8IBDVSzzLg=}
    engines: {node: '>=4'}
    dependencies:
      p-try: 1.0.0
    dev: true

  /p-limit/2.3.0:
    resolution: {integrity: sha1-PdM8ZHohT9//2DWTPrCG2g3CHbE=}
    engines: {node: '>=6'}
    dependencies:
      p-try: 2.2.0
    dev: true

  /p-locate/2.0.0:
    resolution: {integrity: sha1-IKAQOyIqcMj9OcwuWAaA893l7EM=}
    engines: {node: '>=4'}
    dependencies:
      p-limit: 1.3.0
    dev: true

  /p-locate/4.1.0:
    resolution: {integrity: sha1-o0KLtwiLOmApL2aRkni3wpetTwc=}
    engines: {node: '>=8'}
    dependencies:
      p-limit: 2.3.0
    dev: true

  /p-try/1.0.0:
    resolution: {integrity: sha1-y8ec26+P1CKOE/Yh8rGiN8GyB7M=}
    engines: {node: '>=4'}
    dev: true

  /p-try/2.2.0:
    resolution: {integrity: sha1-yyhoVA4xPWHeWPr741zpAE1VQOY=}
    engines: {node: '>=6'}
    dev: true

  /parse-json/4.0.0:
    resolution: {integrity: sha1-vjX1Qlvh9/bHRxhPmKeIy5lHfuA=}
    engines: {node: '>=4'}
    dependencies:
      error-ex: 1.3.2
      json-parse-better-errors: 1.0.2
    dev: true

  /parse-json/5.2.0:
    resolution: {integrity: sha1-x2/Gbe5UIxyWKyK8yKcs8vmXU80=}
    engines: {node: '>=8'}
    dependencies:
      '@babel/code-frame': 7.18.6
      error-ex: 1.3.2
      json-parse-even-better-errors: 2.3.1
      lines-and-columns: 1.2.4
    dev: true

  /path-exists/3.0.0:
    resolution: {integrity: sha1-zg6+ql94yxiSXqfYENe1mwEP1RU=}
    engines: {node: '>=4'}
    dev: true

  /path-exists/4.0.0:
    resolution: {integrity: sha1-UTvb4tO5XXdi6METfvoZXGxhtbM=}
    engines: {node: '>=8'}
    dev: true

  /path-parse/1.0.7:
    resolution: {integrity: sha1-+8EUtgykKzDZ2vWFjkvWi77bZzU=}
    dev: true

  /path-type/3.0.0:
    resolution: {integrity: sha1-zvMdyOCho7sNEFwM2Xzzv0f0428=}
    engines: {node: '>=4'}
    dependencies:
      pify: 3.0.0
    dev: true

  /pify/2.3.0:
    resolution: {integrity: sha1-7RQaasBDqEnqWISY59yosVMw6Qw=}
    engines: {node: '>=0.10.0'}
    dev: true

  /pify/3.0.0:
    resolution: {integrity: sha1-5aSs0sEB/fPZpNB/DbxNtJ3SgXY=}
    engines: {node: '>=4'}
    dev: true

  /process-nextick-args/2.0.1:
    resolution: {integrity: sha1-eCDZsWEgzFXKmud5JoCufbptf+I=}
    dev: true

  /proxy-from-env/1.1.0:
    resolution: {integrity: sha1-4QLxbKNVQkhldV0sno6k8k1Yw+I=}
    dev: false

  /q/1.5.1:
    resolution: {integrity: sha1-fjL3W0E4EpHQRhHxvxQQmsAGUdc=}
    engines: {node: '>=0.6.0', teleport: '>=0.2.0'}
    dev: true

  /quick-lru/4.0.1:
    resolution: {integrity: sha1-W4h48ROlgheEjGSCAmxz4bpXcn8=}
    engines: {node: '>=8'}
    dev: true

  /read-pkg-up/3.0.0:
    resolution: {integrity: sha1-PtSWaF26D4/hGNBpHcUfSh/5bwc=}
    engines: {node: '>=4'}
    dependencies:
      find-up: 2.1.0
      read-pkg: 3.0.0
    dev: true

  /read-pkg-up/7.0.1:
    resolution: {integrity: sha1-86YTV1hFlzOuK5VjgFbhhU5+9Qc=}
    engines: {node: '>=8'}
    dependencies:
      find-up: 4.1.0
      read-pkg: 5.2.0
      type-fest: 0.8.1
    dev: true

  /read-pkg/3.0.0:
    resolution: {integrity: sha1-nLxoaXj+5l0WwA4rGcI3/Pbjg4k=}
    engines: {node: '>=4'}
    dependencies:
      load-json-file: 4.0.0
      normalize-package-data: 2.5.0
      path-type: 3.0.0
    dev: true

  /read-pkg/5.2.0:
    resolution: {integrity: sha1-e/KVQ4yloz5WzTDgU7NO5yUMk8w=}
    engines: {node: '>=8'}
    dependencies:
      '@types/normalize-package-data': 2.4.1
      normalize-package-data: 2.5.0
      parse-json: 5.2.0
      type-fest: 0.6.0
    dev: true

  /readable-stream/2.3.7:
    resolution: {integrity: sha1-Hsoc9xGu+BTAT2IlKjamL2yyO1c=}
    dependencies:
      core-util-is: 1.0.3
      inherits: 2.0.4
      isarray: 1.0.0
      process-nextick-args: 2.0.1
      safe-buffer: 5.1.2
      string_decoder: 1.1.1
      util-deprecate: 1.0.2
    dev: true

  /readable-stream/3.6.0:
    resolution: {integrity: sha1-M3u9o63AcGvT4CRCaihtS0sskZg=}
    engines: {node: '>= 6'}
    dependencies:
      inherits: 2.0.4
      string_decoder: 1.3.0
      util-deprecate: 1.0.2
    dev: true

  /redent/3.0.0:
    resolution: {integrity: sha1-5Ve3mYMWu1PJ8fVvpiY1LGljBZ8=}
    engines: {node: '>=8'}
    dependencies:
      indent-string: 4.0.0
      strip-indent: 3.0.0
    dev: true

  /require-directory/2.1.1:
    resolution: {integrity: sha1-jGStX9MNqxyXbiNE/+f3kqam30I=}
    engines: {node: '>=0.10.0'}
    dev: true

  /resolve/1.22.1:
    resolution: {integrity: sha512-nBpuuYuY5jFsli/JIs1oldw6fOQCBioohqWZg/2hiaOybXOft4lonv85uDOKXdf8rhyK159cxU5cDcK/NKk8zw==}
    hasBin: true
    dependencies:
      is-core-module: 2.11.0
      path-parse: 1.0.7
      supports-preserve-symlinks-flag: 1.0.0
    dev: true

  /safe-buffer/5.1.2:
    resolution: {integrity: sha1-mR7GnSluAxN0fVm9/St0XDX4go0=}
    dev: true

  /safe-buffer/5.2.1:
    resolution: {integrity: sha1-Hq+fqb2x/dTsdfWPnNtOa3gn7sY=}
    dev: true

  /semver/5.7.1:
    resolution: {integrity: sha1-qVT5Ma66UI0we78Gnv8MAclhFvc=}
    hasBin: true
    dev: true

  /semver/6.3.0:
    resolution: {integrity: sha1-7gpkyK9ejO6mdoexM3YeG+y9HT0=}
    hasBin: true
    dev: true

  /semver/7.3.8:
    resolution: {integrity: sha512-NB1ctGL5rlHrPJtFDVIVzTyQylMLu9N9VICA6HSFJo8MCGVTMW6gfpicwKmmK/dAjTOrqu5l63JJOpDSrAis3A==}
    engines: {node: '>=10'}
    hasBin: true
    dependencies:
      lru-cache: 6.0.0

  /source-map/0.6.1:
    resolution: {integrity: sha1-dHIq8y6WFOnCh6jQu95IteLxomM=}
    engines: {node: '>=0.10.0'}
    dev: true

  /spdx-correct/3.1.1:
    resolution: {integrity: sha1-3s6BrJweZxPl99G28X1Gj6U9iak=}
    dependencies:
      spdx-expression-parse: 3.0.1
      spdx-license-ids: 3.0.12
    dev: true

  /spdx-exceptions/2.3.0:
    resolution: {integrity: sha1-PyjOGnegA3JoPq3kpDMYNSeiFj0=}
    dev: true

  /spdx-expression-parse/3.0.1:
    resolution: {integrity: sha1-z3D1BILu/cmOPOCmgz5KU87rpnk=}
    dependencies:
      spdx-exceptions: 2.3.0
      spdx-license-ids: 3.0.12
    dev: true

  /spdx-license-ids/3.0.12:
    resolution: {integrity: sha512-rr+VVSXtRhO4OHbXUiAF7xW3Bo9DuuF6C5jH+q/x15j2jniycgKbxU09Hr0WqlSLUs4i4ltHGXqTe7VHclYWyA==}
    dev: true

  /split/1.0.1:
    resolution: {integrity: sha1-YFvZvjA6pZ+zX5Ip++oN3snqB9k=}
    dependencies:
      through: 2.3.8
    dev: true

  /split2/3.2.2:
    resolution: {integrity: sha1-vyzyo32DgxLCSciSBv16F90SNl8=}
    dependencies:
      readable-stream: 3.6.0
    dev: true

  /string-width/4.2.3:
    resolution: {integrity: sha1-JpxxF9J7Ba0uU2gwqOyJXvnG0BA=}
    engines: {node: '>=8'}
    dependencies:
      emoji-regex: 8.0.0
      is-fullwidth-code-point: 3.0.0
      strip-ansi: 6.0.1
    dev: true

  /string_decoder/1.1.1:
    resolution: {integrity: sha1-nPFhG6YmhdcDCunkujQUnDrwP8g=}
    dependencies:
      safe-buffer: 5.1.2
    dev: true

  /string_decoder/1.3.0:
    resolution: {integrity: sha1-QvEUWUpGzxqOMLCoT1bHjD7awh4=}
    dependencies:
      safe-buffer: 5.2.1
    dev: true

  /strip-ansi/6.0.1:
    resolution: {integrity: sha1-nibGPTD1NEPpSJSVshBdN7Z6hdk=}
    engines: {node: '>=8'}
    dependencies:
      ansi-regex: 5.0.1
    dev: true

  /strip-bom/3.0.0:
    resolution: {integrity: sha1-IzTBjpx1n3vdVv3vfprj1YjmjtM=}
    engines: {node: '>=4'}
    dev: true

  /strip-indent/3.0.0:
    resolution: {integrity: sha1-wy4c7pQLazQyx3G8LFS8znPNMAE=}
    engines: {node: '>=8'}
    dependencies:
      min-indent: 1.0.1
    dev: true

  /supports-color/5.5.0:
    resolution: {integrity: sha1-4uaaRKyHcveKHsCzW2id9lMO/I8=}
    engines: {node: '>=4'}
    dependencies:
      has-flag: 3.0.0
    dev: true

  /supports-preserve-symlinks-flag/1.0.0:
    resolution: {integrity: sha512-ot0WnXS9fgdkgIcePe6RHNk1WA8+muPa6cSjeR3V8K27q9BB1rTE3R1p7Hv0z1ZyAc8s6Vvv8DIyWf681MAt0w==}
    engines: {node: '>= 0.4'}
    dev: true

  /temp-dir/2.0.0:
    resolution: {integrity: sha1-vekrBb3+sVFugEycAK1FF38xMh4=}
    engines: {node: '>=8'}
    dev: true

  /tempfile/3.0.0:
    resolution: {integrity: sha1-U3ajSS3nxUFQ0MwGEsPwDiza92w=}
    engines: {node: '>=8'}
    dependencies:
      temp-dir: 2.0.0
      uuid: 3.4.0
    dev: true

  /text-extensions/1.9.0:
    resolution: {integrity: sha1-GFPkX+45yUXOb2w2stZZtaq8KiY=}
    engines: {node: '>=0.10'}
    dev: true

  /through/2.3.8:
    resolution: {integrity: sha1-DdTJ/6q8NXlgsbckEV1+Doai4fU=}
    dev: true

  /through2/2.0.5:
    resolution: {integrity: sha1-AcHjnrMdB8t9A6lqcIIyYLIxMs0=}
    dependencies:
      readable-stream: 2.3.7
      xtend: 4.0.2
    dev: true

  /through2/4.0.2:
    resolution: {integrity: sha1-p846wqeosLlmyA58SfBITDsjl2Q=}
    dependencies:
      readable-stream: 3.6.0
    dev: true

  /trim-newlines/3.0.1:
    resolution: {integrity: sha1-Jgpdli2LdSQlsy86fbDcrNF2wUQ=}
    engines: {node: '>=8'}
    dev: true

  /type-fest/0.18.1:
    resolution: {integrity: sha1-20vBUaSiz07r+a3V23VQjbbMhB8=}
    engines: {node: '>=10'}
    dev: true

  /type-fest/0.6.0:
    resolution: {integrity: sha1-jSojcNPfiG61yQraHFv2GIrPg4s=}
    engines: {node: '>=8'}
    dev: true

  /type-fest/0.8.1:
    resolution: {integrity: sha1-CeJJ696FHTseSNJ8EFREZn8XuD0=}
    engines: {node: '>=8'}
    dev: true

  /typescript/4.9.4:
    resolution: {integrity: sha512-Uz+dTXYzxXXbsFpM86Wh3dKCxrQqUcVMxwU54orwlJjOpO3ao8L7j5lH+dWfTwgCwIuM9GQ2kvVotzYJMXTBZg==}
    engines: {node: '>=4.2.0'}
    hasBin: true
    dev: true

  /uglify-js/3.17.4:
    resolution: {integrity: sha512-T9q82TJI9e/C1TAxYvfb16xO120tMVFZrGA3f9/P4424DNu6ypK103y0GPFVa17yotwSyZW5iYXgjYHkGrJW/g==}
    engines: {node: '>=0.8.0'}
    hasBin: true
    requiresBuild: true
    dev: true
    optional: true

  /util-deprecate/1.0.2:
    resolution: {integrity: sha1-RQ1Nyfpw3nMnYvvS1KKJgUGaDM8=}
    dev: true

  /uuid/3.4.0:
    resolution: {integrity: sha1-sj5DWK+oogL+ehAK8fX4g/AgB+4=}
    hasBin: true
    dev: true

  /validate-npm-package-license/3.0.4:
    resolution: {integrity: sha1-/JH2uce6FchX9MssXe/uw51PQQo=}
    dependencies:
      spdx-correct: 3.1.1
      spdx-expression-parse: 3.0.1
    dev: true

  /wordwrap/1.0.0:
    resolution: {integrity: sha1-J1hIEIkUVqQXHI0CJkQa3pDLyus=}
    dev: true

  /wrap-ansi/7.0.0:
    resolution: {integrity: sha1-Z+FFz/UQpqaYS98RUpEdadLrnkM=}
    engines: {node: '>=10'}
    dependencies:
      ansi-styles: 4.3.0
      string-width: 4.2.3
      strip-ansi: 6.0.1
    dev: true

  /xtend/4.0.2:
    resolution: {integrity: sha1-u3J3n1+kZRhrH0OPZ0+jR/2121Q=}
    engines: {node: '>=0.4'}
    dev: true

  /y18n/5.0.8:
    resolution: {integrity: sha1-f0k00PfKjFb5UxSTndzS3ZHOHVU=}
    engines: {node: '>=10'}
    dev: true

  /yallist/4.0.0:
    resolution: {integrity: sha1-m7knkNnA7/7GO+c1GeEaNQGaOnI=}

  /yargs-parser/20.2.9:
    resolution: {integrity: sha1-LrfcOwKJcY/ClfNidThFxBoMlO4=}
    engines: {node: '>=10'}
    dev: true

  /yargs/16.2.0:
    resolution: {integrity: sha1-HIK/D2tqZur85+8w43b0mhJHf2Y=}
    engines: {node: '>=10'}
    dependencies:
      cliui: 7.0.4
      escalade: 3.1.1
      get-caller-file: 2.0.5
      require-directory: 2.1.1
      string-width: 4.2.3
      y18n: 5.0.8
      yargs-parser: 20.2.9
    dev: true
